// !$*UTF8*$!
{
	archiveVersion = 1;
	classes = {
	};
	objectVersion = 48;
	objects = {

/* Begin PBXBuildFile section */
		63088EC020580A1A00033B22 /* AppDelegate.m in Sources */ = {isa = PBXBuildFile; fileRef = 63088EBF20580A1A00033B22 /* AppDelegate.m */; };
		63088EC320580A1A00033B22 /* ViewController.m in Sources */ = {isa = PBXBuildFile; fileRef = 63088EC220580A1A00033B22 /* ViewController.m */; };
		63088EC620580A1A00033B22 /* Main.storyboard in Resources */ = {isa = PBXBuildFile; fileRef = 63088EC420580A1A00033B22 /* Main.storyboard */; };
		63088EC820580A1A00033B22 /* Assets.xcassets in Resources */ = {isa = PBXBuildFile; fileRef = 63088EC720580A1A00033B22 /* Assets.xcassets */; };
		63088ECB20580A1A00033B22 /* LaunchScreen.storyboard in Resources */ = {isa = PBXBuildFile; fileRef = 63088EC920580A1A00033B22 /* LaunchScreen.storyboard */; };
		63088ECE20580A1A00033B22 /* main.m in Sources */ = {isa = PBXBuildFile; fileRef = 63088ECD20580A1A00033B22 /* main.m */; };
		63088EF32058D33700033B22 /* GGDeviceInfo.m in Sources */ = {isa = PBXBuildFile; fileRef = 63088EF22058D33700033B22 /* GGDeviceInfo.m */; };
		63088EF62058D45C00033B22 /* GGCarrierInfo.m in Sources */ = {isa = PBXBuildFile; fileRef = 63088EF52058D45C00033B22 /* GGCarrierInfo.m */; };
		63088EF92058D4C100033B22 /* GGWifiInfo.m in Sources */ = {isa = PBXBuildFile; fileRef = 63088EF82058D4C100033B22 /* GGWifiInfo.m */; };
		63088EFD2058EC6D00033B22 /* GGNetwork.m in Sources */ = {isa = PBXBuildFile; fileRef = 63088EFC2058EC6D00033B22 /* GGNetwork.m */; };
/* End PBXBuildFile section */

/* Begin PBXFileReference section */
		63088EBB20580A1A00033B22 /* GGTools.app */ = {isa = PBXFileReference; explicitFileType = wrapper.application; includeInIndex = 0; path = GGTools.app; sourceTree = BUILT_PRODUCTS_DIR; };
		63088EBE20580A1A00033B22 /* AppDelegate.h */ = {isa = PBXFileReference; lastKnownFileType = sourcecode.c.h; path = AppDelegate.h; sourceTree = "<group>"; };
		63088EBF20580A1A00033B22 /* AppDelegate.m */ = {isa = PBXFileReference; lastKnownFileType = sourcecode.c.objc; path = AppDelegate.m; sourceTree = "<group>"; };
		63088EC120580A1A00033B22 /* ViewController.h */ = {isa = PBXFileReference; lastKnownFileType = sourcecode.c.h; path = ViewController.h; sourceTree = "<group>"; };
		63088EC220580A1A00033B22 /* ViewController.m */ = {isa = PBXFileReference; lastKnownFileType = sourcecode.c.objc; path = ViewController.m; sourceTree = "<group>"; };
		63088EC520580A1A00033B22 /* Base */ = {isa = PBXFileReference; lastKnownFileType = file.storyboard; name = Base; path = Base.lproj/Main.storyboard; sourceTree = "<group>"; };
		63088EC720580A1A00033B22 /* Assets.xcassets */ = {isa = PBXFileReference; lastKnownFileType = folder.assetcatalog; path = Assets.xcassets; sourceTree = "<group>"; };
		63088ECA20580A1A00033B22 /* Base */ = {isa = PBXFileReference; lastKnownFileType = file.storyboard; name = Base; path = Base.lproj/LaunchScreen.storyboard; sourceTree = "<group>"; };
		63088ECC20580A1A00033B22 /* Info.plist */ = {isa = PBXFileReference; lastKnownFileType = text.plist.xml; path = Info.plist; sourceTree = "<group>"; };
		63088ECD20580A1A00033B22 /* main.m */ = {isa = PBXFileReference; lastKnownFileType = sourcecode.c.objc; path = main.m; sourceTree = "<group>"; };
		63088EF12058D33700033B22 /* GGDeviceInfo.h */ = {isa = PBXFileReference; lastKnownFileType = sourcecode.c.h; path = GGDeviceInfo.h; sourceTree = "<group>"; };
		63088EF22058D33700033B22 /* GGDeviceInfo.m */ = {isa = PBXFileReference; lastKnownFileType = sourcecode.c.objc; path = GGDeviceInfo.m; sourceTree = "<group>"; };
		63088EF42058D45C00033B22 /* GGCarrierInfo.h */ = {isa = PBXFileReference; lastKnownFileType = sourcecode.c.h; path = GGCarrierInfo.h; sourceTree = "<group>"; };
		63088EF52058D45C00033B22 /* GGCarrierInfo.m */ = {isa = PBXFileReference; lastKnownFileType = sourcecode.c.objc; path = GGCarrierInfo.m; sourceTree = "<group>"; };
		63088EF72058D4C100033B22 /* GGWifiInfo.h */ = {isa = PBXFileReference; lastKnownFileType = sourcecode.c.h; path = GGWifiInfo.h; sourceTree = "<group>"; };
		63088EF82058D4C100033B22 /* GGWifiInfo.m */ = {isa = PBXFileReference; lastKnownFileType = sourcecode.c.objc; path = GGWifiInfo.m; sourceTree = "<group>"; };
		63088EFB2058EC6D00033B22 /* GGNetwork.h */ = {isa = PBXFileReference; lastKnownFileType = sourcecode.c.h; path = GGNetwork.h; sourceTree = "<group>"; };
		63088EFC2058EC6D00033B22 /* GGNetwork.m */ = {isa = PBXFileReference; lastKnownFileType = sourcecode.c.objc; path = GGNetwork.m; sourceTree = "<group>"; };
/* End PBXFileReference section */

/* Begin PBXFrameworksBuildPhase section */
		63088EB820580A1A00033B22 /* Frameworks */ = {
			isa = PBXFrameworksBuildPhase;
			buildActionMask = 2147483647;
			files = (
			);
			runOnlyForDeploymentPostprocessing = 0;
		};
/* End PBXFrameworksBuildPhase section */

/* Begin PBXGroup section */
		63088EB220580A1A00033B22 = {
			isa = PBXGroup;
			children = (
				63088EBD20580A1A00033B22 /* GGTools */,
				63088EBC20580A1A00033B22 /* Products */,
			);
			sourceTree = "<group>";
		};
		63088EBC20580A1A00033B22 /* Products */ = {
			isa = PBXGroup;
			children = (
				63088EBB20580A1A00033B22 /* GGTools.app */,
			);
			name = Products;
			sourceTree = "<group>";
		};
		63088EBD20580A1A00033B22 /* GGTools */ = {
			isa = PBXGroup;
			children = (
				63088EED2058D2F900033B22 /* GGTools */,
				63088EBE20580A1A00033B22 /* AppDelegate.h */,
				63088EBF20580A1A00033B22 /* AppDelegate.m */,
				63088EC120580A1A00033B22 /* ViewController.h */,
				63088EC220580A1A00033B22 /* ViewController.m */,
				63088EC420580A1A00033B22 /* Main.storyboard */,
				63088EC720580A1A00033B22 /* Assets.xcassets */,
				63088EC920580A1A00033B22 /* LaunchScreen.storyboard */,
				63088ECC20580A1A00033B22 /* Info.plist */,
				63088ECD20580A1A00033B22 /* main.m */,
			);
			path = GGTools;
			sourceTree = "<group>";
		};
		63088EED2058D2F900033B22 /* GGTools */ = {
			isa = PBXGroup;
			children = (
				63088EFA2058EC6000033B22 /* GGNetwork */,
				63088EEE2058D2F900033B22 /* GGDeviceInfo */,
				63088EEF2058D2F900033B22 /* GGCarrierInfo */,
				63088EF02058D2F900033B22 /* GGWifiInfo */,
			);
			path = GGTools;
			sourceTree = "<group>";
		};
		63088EEE2058D2F900033B22 /* GGDeviceInfo */ = {
			isa = PBXGroup;
			children = (
				63088EF12058D33700033B22 /* GGDeviceInfo.h */,
				63088EF22058D33700033B22 /* GGDeviceInfo.m */,
			);
			path = GGDeviceInfo;
			sourceTree = "<group>";
		};
		63088EEF2058D2F900033B22 /* GGCarrierInfo */ = {
			isa = PBXGroup;
			children = (
				63088EF42058D45C00033B22 /* GGCarrierInfo.h */,
				63088EF52058D45C00033B22 /* GGCarrierInfo.m */,
			);
			path = GGCarrierInfo;
			sourceTree = "<group>";
		};
		63088EF02058D2F900033B22 /* GGWifiInfo */ = {
			isa = PBXGroup;
			children = (
				63088EF72058D4C100033B22 /* GGWifiInfo.h */,
				63088EF82058D4C100033B22 /* GGWifiInfo.m */,
			);
			path = GGWifiInfo;
			sourceTree = "<group>";
		};
		63088EFA2058EC6000033B22 /* GGNetwork */ = {
			isa = PBXGroup;
			children = (
				63088EFB2058EC6D00033B22 /* GGNetwork.h */,
				63088EFC2058EC6D00033B22 /* GGNetwork.m */,
			);
			path = GGNetwork;
			sourceTree = "<group>";
		};
/* End PBXGroup section */

/* Begin PBXNativeTarget section */
		63088EBA20580A1A00033B22 /* GGTools */ = {
			isa = PBXNativeTarget;
			buildConfigurationList = 63088ED120580A1A00033B22 /* Build configuration list for PBXNativeTarget "GGTools" */;
			buildPhases = (
				63088EB720580A1A00033B22 /* Sources */,
				63088EB820580A1A00033B22 /* Frameworks */,
				63088EB920580A1A00033B22 /* Resources */,
			);
			buildRules = (
			);
			dependencies = (
			);
			name = GGTools;
			productName = GGTools;
			productReference = 63088EBB20580A1A00033B22 /* GGTools.app */;
			productType = "com.apple.product-type.application";
		};
/* End PBXNativeTarget section */

/* Begin PBXProject section */
		63088EB320580A1A00033B22 /* Project object */ = {
			isa = PBXProject;
			attributes = {
				CLASSPREFIX = GG;
				LastUpgradeCheck = 0920;
				ORGANIZATIONNAME = GG;
				TargetAttributes = {
					63088EBA20580A1A00033B22 = {
						CreatedOnToolsVersion = 9.2;
						ProvisioningStyle = Automatic;
					};
				};
			};
			buildConfigurationList = 63088EB620580A1A00033B22 /* Build configuration list for PBXProject "GGTools" */;
			compatibilityVersion = "Xcode 8.0";
			developmentRegion = en;
			hasScannedForEncodings = 0;
			knownRegions = (
				en,
				Base,
			);
			mainGroup = 63088EB220580A1A00033B22;
			productRefGroup = 63088EBC20580A1A00033B22 /* Products */;
			projectDirPath = "";
			projectRoot = "";
			targets = (
				63088EBA20580A1A00033B22 /* GGTools */,
			);
		};
/* End PBXProject section */

/* Begin PBXResourcesBuildPhase section */
		63088EB920580A1A00033B22 /* Resources */ = {
			isa = PBXResourcesBuildPhase;
			buildActionMask = 2147483647;
			files = (
				63088ECB20580A1A00033B22 /* LaunchScreen.storyboard in Resources */,
				63088EC820580A1A00033B22 /* Assets.xcassets in Resources */,
				63088EC620580A1A00033B22 /* Main.storyboard in Resources */,
			);
			runOnlyForDeploymentPostprocessing = 0;
		};
/* End PBXResourcesBuildPhase section */

/* Begin PBXSourcesBuildPhase section */
		63088EB720580A1A00033B22 /* Sources */ = {
			isa = PBXSourcesBuildPhase;
			buildActionMask = 2147483647;
			files = (
				63088EC320580A1A00033B22 /* ViewController.m in Sources */,
				63088ECE20580A1A00033B22 /* main.m in Sources */,
				63088EC020580A1A00033B22 /* AppDelegate.m in Sources */,
				63088EF32058D33700033B22 /* GGDeviceInfo.m in Sources */,
				63088EFD2058EC6D00033B22 /* GGNetwork.m in Sources */,
				63088EF92058D4C100033B22 /* GGWifiInfo.m in Sources */,
				63088EF62058D45C00033B22 /* GGCarrierInfo.m in Sources */,
			);
			runOnlyForDeploymentPostprocessing = 0;
		};
/* End PBXSourcesBuildPhase section */

/* Begin PBXVariantGroup section */
		63088EC420580A1A00033B22 /* Main.storyboard */ = {
			isa = PBXVariantGroup;
			children = (
				63088EC520580A1A00033B22 /* Base */,
			);
			name = Main.storyboard;
			sourceTree = "<group>";
		};
		63088EC920580A1A00033B22 /* LaunchScreen.storyboard */ = {
			isa = PBXVariantGroup;
			children = (
				63088ECA20580A1A00033B22 /* Base */,
			);
			name = LaunchScreen.storyboard;
			sourceTree = "<group>";
		};
/* End PBXVariantGroup section */

/* Begin XCBuildConfiguration section */
		63088ECF20580A1A00033B22 /* Debug */ = {
			isa = XCBuildConfiguration;
			buildSettings = {
				ALWAYS_SEARCH_USER_PATHS = NO;
				CLANG_ANALYZER_NONNULL = YES;
				CLANG_ANALYZER_NUMBER_OBJECT_CONVERSION = YES_AGGRESSIVE;
				CLANG_CXX_LANGUAGE_STANDARD = "gnu++14";
				CLANG_CXX_LIBRARY = "libc++";
				CLANG_ENABLE_MODULES = YES;
				CLANG_ENABLE_OBJC_ARC = YES;
				CLANG_WARN_BLOCK_CAPTURE_AUTORELEASING = YES;
				CLANG_WARN_BOOL_CONVERSION = YES;
				CLANG_WARN_COMMA = YES;
				CLANG_WARN_CONSTANT_CONVERSION = YES;
				CLANG_WARN_DIRECT_OBJC_ISA_USAGE = YES_ERROR;
				CLANG_WARN_DOCUMENTATION_COMMENTS = YES;
				CLANG_WARN_EMPTY_BODY = YES;
				CLANG_WARN_ENUM_CONVERSION = YES;
				CLANG_WARN_INFINITE_RECURSION = YES;
				CLANG_WARN_INT_CONVERSION = YES;
				CLANG_WARN_NON_LITERAL_NULL_CONVERSION = YES;
				CLANG_WARN_OBJC_LITERAL_CONVERSION = YES;
				CLANG_WARN_OBJC_ROOT_CLASS = YES_ERROR;
				CLANG_WARN_RANGE_LOOP_ANALYSIS = YES;
				CLANG_WARN_STRICT_PROTOTYPES = YES;
				CLANG_WARN_SUSPICIOUS_MOVE = YES;
				CLANG_WARN_UNGUARDED_AVAILABILITY = YES_AGGRESSIVE;
				CLANG_WARN_UNREACHABLE_CODE = YES;
				CLANG_WARN__DUPLICATE_METHOD_MATCH = YES;
				CODE_SIGN_IDENTITY = "iPhone Developer";
				COPY_PHASE_STRIP = NO;
				DEBUG_INFORMATION_FORMAT = dwarf;
				ENABLE_STRICT_OBJC_MSGSEND = YES;
				ENABLE_TESTABILITY = YES;
				GCC_C_LANGUAGE_STANDARD = gnu11;
				GCC_DYNAMIC_NO_PIC = NO;
				GCC_NO_COMMON_BLOCKS = YES;
				GCC_OPTIMIZATION_LEVEL = 0;
				GCC_PREPROCESSOR_DEFINITIONS = (
					"DEBUG=1",
					"$(inherited)",
				);
				GCC_WARN_64_TO_32_BIT_CONVERSION = YES;
				GCC_WARN_ABOUT_RETURN_TYPE = YES_ERROR;
				GCC_WARN_UNDECLARED_SELECTOR = YES;
				GCC_WARN_UNINITIALIZED_AUTOS = YES_AGGRESSIVE;
				GCC_WARN_UNUSED_FUNCTION = YES;
				GCC_WARN_UNUSED_VARIABLE = YES;
				IPHONEOS_DEPLOYMENT_TARGET = 11.2;
				MTL_ENABLE_DEBUG_INFO = YES;
				ONLY_ACTIVE_ARCH = YES;
				SDKROOT = iphoneos;
			};
			name = Debug;
		};
		63088ED020580A1A00033B22 /* Release */ = {
			isa = XCBuildConfiguration;
			buildSettings = {
				ALWAYS_SEARCH_USER_PATHS = NO;
				CLANG_ANALYZER_NONNULL = YES;
				CLANG_ANALYZER_NUMBER_OBJECT_CONVERSION = YES_AGGRESSIVE;
				CLANG_CXX_LANGUAGE_STANDARD = "gnu++14";
				CLANG_CXX_LIBRARY = "libc++";
				CLANG_ENABLE_MODULES = YES;
				CLANG_ENABLE_OBJC_ARC = YES;
				CLANG_WARN_BLOCK_CAPTURE_AUTORELEASING = YES;
				CLANG_WARN_BOOL_CONVERSION = YES;
				CLANG_WARN_COMMA = YES;
				CLANG_WARN_CONSTANT_CONVERSION = YES;
				CLANG_WARN_DIRECT_OBJC_ISA_USAGE = YES_ERROR;
				CLANG_WARN_DOCUMENTATION_COMMENTS = YES;
				CLANG_WARN_EMPTY_BODY = YES;
				CLANG_WARN_ENUM_CONVERSION = YES;
				CLANG_WARN_INFINITE_RECURSION = YES;
				CLANG_WARN_INT_CONVERSION = YES;
				CLANG_WARN_NON_LITERAL_NULL_CONVERSION = YES;
				CLANG_WARN_OBJC_LITERAL_CONVERSION = YES;
				CLANG_WARN_OBJC_ROOT_CLASS = YES_ERROR;
				CLANG_WARN_RANGE_LOOP_ANALYSIS = YES;
				CLANG_WARN_STRICT_PROTOTYPES = YES;
				CLANG_WARN_SUSPICIOUS_MOVE = YES;
				CLANG_WARN_UNGUARDED_AVAILABILITY = YES_AGGRESSIVE;
				CLANG_WARN_UNREACHABLE_CODE = YES;
				CLANG_WARN__DUPLICATE_METHOD_MATCH = YES;
				CODE_SIGN_IDENTITY = "iPhone Developer";
				COPY_PHASE_STRIP = NO;
				DEBUG_INFORMATION_FORMAT = "dwarf-with-dsym";
				ENABLE_NS_ASSERTIONS = NO;
				ENABLE_STRICT_OBJC_MSGSEND = YES;
				GCC_C_LANGUAGE_STANDARD = gnu11;
				GCC_NO_COMMON_BLOCKS = YES;
				GCC_WARN_64_TO_32_BIT_CONVERSION = YES;
				GCC_WARN_ABOUT_RETURN_TYPE = YES_ERROR;
				GCC_WARN_UNDECLARED_SELECTOR = YES;
				GCC_WARN_UNINITIALIZED_AUTOS = YES_AGGRESSIVE;
				GCC_WARN_UNUSED_FUNCTION = YES;
				GCC_WARN_UNUSED_VARIABLE = YES;
				IPHONEOS_DEPLOYMENT_TARGET = 11.2;
				MTL_ENABLE_DEBUG_INFO = NO;
				SDKROOT = iphoneos;
				VALIDATE_PRODUCT = YES;
			};
			name = Release;
		};
		63088ED220580A1A00033B22 /* Debug */ = {
			isa = XCBuildConfiguration;
			buildSettings = {
				ASSETCATALOG_COMPILER_APPICON_NAME = AppIcon;
				CODE_SIGN_STYLE = Automatic;
				DEVELOPMENT_TEAM = FY223SZVL6;
				INFOPLIST_FILE = GGTools/Info.plist;
				IPHONEOS_DEPLOYMENT_TARGET = 8.0;
				LD_RUNPATH_SEARCH_PATHS = "$(inherited) @executable_path/Frameworks";
				PRODUCT_BUNDLE_IDENTIFIER = com.blase3d.GGTools;
				PRODUCT_NAME = "$(TARGET_NAME)";
				TARGETED_DEVICE_FAMILY = "1,2";
			};
			name = Debug;
		};
		63088ED320580A1A00033B22 /* Release */ = {
			isa = XCBuildConfiguration;
			buildSettings = {
				ASSETCATALOG_COMPILER_APPICON_NAME = AppIcon;
				CODE_SIGN_STYLE = Automatic;
				DEVELOPMENT_TEAM = FY223SZVL6;
				INFOPLIST_FILE = GGTools/Info.plist;
				IPHONEOS_DEPLOYMENT_TARGET = 8.0;
				LD_RUNPATH_SEARCH_PATHS = "$(inherited) @executable_path/Frameworks";
				PRODUCT_BUNDLE_IDENTIFIER = com.blase3d.GGTools;
				PRODUCT_NAME = "$(TARGET_NAME)";
				TARGETED_DEVICE_FAMILY = "1,2";
			};
			name = Release;
		};
/* End XCBuildConfiguration section */

/* Begin XCConfigurationList section */
		63088EB620580A1A00033B22 /* Build configuration list for PBXProject "GGTools" */ = {
			isa = XCConfigurationList;
			buildConfigurations = (
				63088ECF20580A1A00033B22 /* Debug */,
				63088ED020580A1A00033B22 /* Release */,
			);
			defaultConfigurationIsVisible = 0;
			defaultConfigurationName = Release;
		};
		63088ED120580A1A00033B22 /* Build configuration list for PBXNativeTarget "GGTools" */ = {
			isa = XCConfigurationList;
			buildConfigurations = (
				63088ED220580A1A00033B22 /* Debug */,
				63088ED320580A1A00033B22 /* Release */,
			);
			defaultConfigurationIsVisible = 0;
			defaultConfigurationName = Release;
		};
/* End XCConfigurationList section */
	};
	rootObject = 63088EB320580A1A00033B22 /* Project object */;
}
